// !$*UTF8*$!
{
	archiveVersion = 1;
	classes = {
	};
	objectVersion = 56;
	objects = {

/* Begin PBXBuildFile section */
		81236A6D2BDF9048009A0F7F /* WeatherView.swift in Sources */ = {isa = PBXBuildFile; fileRef = 81236A6C2BDF9048009A0F7F /* WeatherView.swift */; };
		81AC049F2BDE066100144C2D /* ToDoListViewController.swift in Sources */ = {isa = PBXBuildFile; fileRef = 81AC049C2BDE063800144C2D /* ToDoListViewController.swift */; };
		81D6E06B2BDA0DB0005ABB02 /* AppDelegate.swift in Sources */ = {isa = PBXBuildFile; fileRef = 81D6E06A2BDA0DB0005ABB02 /* AppDelegate.swift */; };
		81D6E06D2BDA0DB0005ABB02 /* SceneDelegate.swift in Sources */ = {isa = PBXBuildFile; fileRef = 81D6E06C2BDA0DB0005ABB02 /* SceneDelegate.swift */; };
		81D6E06F2BDA0DB0005ABB02 /* ViewController.swift in Sources */ = {isa = PBXBuildFile; fileRef = 81D6E06E2BDA0DB0005ABB02 /* ViewController.swift */; };
		81D6E0722BDA0DB0005ABB02 /* Base in Resources */ = {isa = PBXBuildFile; fileRef = 81D6E0712BDA0DB0005ABB02 /* Base */; };
		81D6E0742BDA0DB2005ABB02 /* Assets.xcassets in Resources */ = {isa = PBXBuildFile; fileRef = 81D6E0732BDA0DB2005ABB02 /* Assets.xcassets */; };
		81D6E0772BDA0DB2005ABB02 /* Base in Resources */ = {isa = PBXBuildFile; fileRef = 81D6E0762BDA0DB2005ABB02 /* Base */; };
		81D6E0822BDA0DB2005ABB02 /* SelfIntroductionTests.swift in Sources */ = {isa = PBXBuildFile; fileRef = 81D6E0812BDA0DB2005ABB02 /* SelfIntroductionTests.swift */; };
		81D6E08C2BDA0DB2005ABB02 /* SelfIntroductionUITests.swift in Sources */ = {isa = PBXBuildFile; fileRef = 81D6E08B2BDA0DB2005ABB02 /* SelfIntroductionUITests.swift */; };
		81D6E08E2BDA0DB2005ABB02 /* SelfIntroductionUITestsLaunchTests.swift in Sources */ = {isa = PBXBuildFile; fileRef = 81D6E08D2BDA0DB2005ABB02 /* SelfIntroductionUITestsLaunchTests.swift */; };
		81D6E09B2BDA33AD005ABB02 /* CounterViewController.swift in Sources */ = {isa = PBXBuildFile; fileRef = 81D6E09A2BDA33AD005ABB02 /* CounterViewController.swift */; };
/* End PBXBuildFile section */

/* Begin PBXContainerItemProxy section */
		81D6E07E2BDA0DB2005ABB02 /* PBXContainerItemProxy */ = {
			isa = PBXContainerItemProxy;
			containerPortal = 81D6E05F2BDA0DB0005ABB02 /* Project object */;
			proxyType = 1;
			remoteGlobalIDString = 81D6E0662BDA0DB0005ABB02;
			remoteInfo = SelfIntroduction;
		};
		81D6E0882BDA0DB2005ABB02 /* PBXContainerItemProxy */ = {
			isa = PBXContainerItemProxy;
			containerPortal = 81D6E05F2BDA0DB0005ABB02 /* Project object */;
			proxyType = 1;
			remoteGlobalIDString = 81D6E0662BDA0DB0005ABB02;
			remoteInfo = SelfIntroduction;
		};
/* End PBXContainerItemProxy section */

/* Begin PBXFileReference section */
		81236A6C2BDF9048009A0F7F /* WeatherView.swift */ = {isa = PBXFileReference; lastKnownFileType = sourcecode.swift; path = WeatherView.swift; sourceTree = "<group>"; };
		81AC049C2BDE063800144C2D /* ToDoListViewController.swift */ = {isa = PBXFileReference; lastKnownFileType = sourcecode.swift; path = ToDoListViewController.swift; sourceTree = "<group>"; };
		81D0843C2BE0E33500EFB493 /* SelfIntroduction.entitlements */ = {isa = PBXFileReference; lastKnownFileType = text.plist.entitlements; path = SelfIntroduction.entitlements; sourceTree = "<group>"; };
		81D6E0672BDA0DB0005ABB02 /* SelfIntroduction.app */ = {isa = PBXFileReference; explicitFileType = wrapper.application; includeInIndex = 0; path = SelfIntroduction.app; sourceTree = BUILT_PRODUCTS_DIR; };
		81D6E06A2BDA0DB0005ABB02 /* AppDelegate.swift */ = {isa = PBXFileReference; lastKnownFileType = sourcecode.swift; path = AppDelegate.swift; sourceTree = "<group>"; };
		81D6E06C2BDA0DB0005ABB02 /* SceneDelegate.swift */ = {isa = PBXFileReference; lastKnownFileType = sourcecode.swift; path = SceneDelegate.swift; sourceTree = "<group>"; };
		81D6E06E2BDA0DB0005ABB02 /* ViewController.swift */ = {isa = PBXFileReference; lastKnownFileType = sourcecode.swift; path = ViewController.swift; sourceTree = "<group>"; };
		81D6E0712BDA0DB0005ABB02 /* Base */ = {isa = PBXFileReference; lastKnownFileType = file.storyboard; name = Base; path = Base.lproj/Main.storyboard; sourceTree = "<group>"; };
		81D6E0732BDA0DB2005ABB02 /* Assets.xcassets */ = {isa = PBXFileReference; lastKnownFileType = folder.assetcatalog; path = Assets.xcassets; sourceTree = "<group>"; };
		81D6E0762BDA0DB2005ABB02 /* Base */ = {isa = PBXFileReference; lastKnownFileType = file.storyboard; name = Base; path = Base.lproj/LaunchScreen.storyboard; sourceTree = "<group>"; };
		81D6E0782BDA0DB2005ABB02 /* Info.plist */ = {isa = PBXFileReference; lastKnownFileType = text.plist.xml; path = Info.plist; sourceTree = "<group>"; };
		81D6E07D2BDA0DB2005ABB02 /* SelfIntroductionTests.xctest */ = {isa = PBXFileReference; explicitFileType = wrapper.cfbundle; includeInIndex = 0; path = SelfIntroductionTests.xctest; sourceTree = BUILT_PRODUCTS_DIR; };
		81D6E0812BDA0DB2005ABB02 /* SelfIntroductionTests.swift */ = {isa = PBXFileReference; lastKnownFileType = sourcecode.swift; path = SelfIntroductionTests.swift; sourceTree = "<group>"; };
		81D6E0872BDA0DB2005ABB02 /* SelfIntroductionUITests.xctest */ = {isa = PBXFileReference; explicitFileType = wrapper.cfbundle; includeInIndex = 0; path = SelfIntroductionUITests.xctest; sourceTree = BUILT_PRODUCTS_DIR; };
		81D6E08B2BDA0DB2005ABB02 /* SelfIntroductionUITests.swift */ = {isa = PBXFileReference; lastKnownFileType = sourcecode.swift; path = SelfIntroductionUITests.swift; sourceTree = "<group>"; };
		81D6E08D2BDA0DB2005ABB02 /* SelfIntroductionUITestsLaunchTests.swift */ = {isa = PBXFileReference; lastKnownFileType = sourcecode.swift; path = SelfIntroductionUITestsLaunchTests.swift; sourceTree = "<group>"; };
		81D6E09A2BDA33AD005ABB02 /* CounterViewController.swift */ = {isa = PBXFileReference; lastKnownFileType = sourcecode.swift; path = CounterViewController.swift; sourceTree = "<group>"; };
/* End PBXFileReference section */

/* Begin PBXFrameworksBuildPhase section */
		81D6E0642BDA0DB0005ABB02 /* Frameworks */ = {
			isa = PBXFrameworksBuildPhase;
			buildActionMask = 2147483647;
			files = (
			);
			runOnlyForDeploymentPostprocessing = 0;
		};
		81D6E07A2BDA0DB2005ABB02 /* Frameworks */ = {
			isa = PBXFrameworksBuildPhase;
			buildActionMask = 2147483647;
			files = (
			);
			runOnlyForDeploymentPostprocessing = 0;
		};
		81D6E0842BDA0DB2005ABB02 /* Frameworks */ = {
			isa = PBXFrameworksBuildPhase;
			buildActionMask = 2147483647;
			files = (
			);
			runOnlyForDeploymentPostprocessing = 0;
		};
/* End PBXFrameworksBuildPhase section */

/* Begin PBXGroup section */
		81D6E05E2BDA0DB0005ABB02 = {
			isa = PBXGroup;
			children = (
				81D6E0692BDA0DB0005ABB02 /* SelfIntroduction */,
				81D6E0802BDA0DB2005ABB02 /* SelfIntroductionTests */,
				81D6E08A2BDA0DB2005ABB02 /* SelfIntroductionUITests */,
				81D6E0682BDA0DB0005ABB02 /* Products */,
			);
			sourceTree = "<group>";
		};
		81D6E0682BDA0DB0005ABB02 /* Products */ = {
			isa = PBXGroup;
			children = (
				81D6E0672BDA0DB0005ABB02 /* SelfIntroduction.app */,
				81D6E07D2BDA0DB2005ABB02 /* SelfIntroductionTests.xctest */,
				81D6E0872BDA0DB2005ABB02 /* SelfIntroductionUITests.xctest */,
			);
			name = Products;
			sourceTree = "<group>";
		};
		81D6E0692BDA0DB0005ABB02 /* SelfIntroduction */ = {
			isa = PBXGroup;
			children = (
				81236A6C2BDF9048009A0F7F /* WeatherView.swift */,
				81D0843C2BE0E33500EFB493 /* SelfIntroduction.entitlements */,
				81D6E06A2BDA0DB0005ABB02 /* AppDelegate.swift */,
				81D6E06C2BDA0DB0005ABB02 /* SceneDelegate.swift */,
				81D6E06E2BDA0DB0005ABB02 /* ViewController.swift */,
				81D6E0702BDA0DB0005ABB02 /* Main.storyboard */,
				81AC049C2BDE063800144C2D /* ToDoListViewController.swift */,
				81D6E09A2BDA33AD005ABB02 /* CounterViewController.swift */,
				81D6E0732BDA0DB2005ABB02 /* Assets.xcassets */,
				81D6E0752BDA0DB2005ABB02 /* LaunchScreen.storyboard */,
				81D6E0782BDA0DB2005ABB02 /* Info.plist */,
			);
			path = SelfIntroduction;
			sourceTree = "<group>";
		};
		81D6E0802BDA0DB2005ABB02 /* SelfIntroductionTests */ = {
			isa = PBXGroup;
			children = (
				81D6E0812BDA0DB2005ABB02 /* SelfIntroductionTests.swift */,
			);
			path = SelfIntroductionTests;
			sourceTree = "<group>";
		};
		81D6E08A2BDA0DB2005ABB02 /* SelfIntroductionUITests */ = {
			isa = PBXGroup;
			children = (
				81D6E08B2BDA0DB2005ABB02 /* SelfIntroductionUITests.swift */,
				81D6E08D2BDA0DB2005ABB02 /* SelfIntroductionUITestsLaunchTests.swift */,
			);
			path = SelfIntroductionUITests;
			sourceTree = "<group>";
		};
/* End PBXGroup section */

/* Begin PBXNativeTarget section */
		81D6E0662BDA0DB0005ABB02 /* SelfIntroduction */ = {
			isa = PBXNativeTarget;
			buildConfigurationList = 81D6E0912BDA0DB2005ABB02 /* Build configuration list for PBXNativeTarget "SelfIntroduction" */;
			buildPhases = (
				81D6E0632BDA0DB0005ABB02 /* Sources */,
				81D6E0642BDA0DB0005ABB02 /* Frameworks */,
				81D6E0652BDA0DB0005ABB02 /* Resources */,
			);
			buildRules = (
			);
			dependencies = (
			);
			name = SelfIntroduction;
			productName = SelfIntroduction;
			productReference = 81D6E0672BDA0DB0005ABB02 /* SelfIntroduction.app */;
			productType = "com.apple.product-type.application";
		};
		81D6E07C2BDA0DB2005ABB02 /* SelfIntroductionTests */ = {
			isa = PBXNativeTarget;
			buildConfigurationList = 81D6E0942BDA0DB2005ABB02 /* Build configuration list for PBXNativeTarget "SelfIntroductionTests" */;
			buildPhases = (
				81D6E0792BDA0DB2005ABB02 /* Sources */,
				81D6E07A2BDA0DB2005ABB02 /* Frameworks */,
				81D6E07B2BDA0DB2005ABB02 /* Resources */,
			);
			buildRules = (
			);
			dependencies = (
				81D6E07F2BDA0DB2005ABB02 /* PBXTargetDependency */,
			);
			name = SelfIntroductionTests;
			productName = SelfIntroductionTests;
			productReference = 81D6E07D2BDA0DB2005ABB02 /* SelfIntroductionTests.xctest */;
			productType = "com.apple.product-type.bundle.unit-test";
		};
		81D6E0862BDA0DB2005ABB02 /* SelfIntroductionUITests */ = {
			isa = PBXNativeTarget;
			buildConfigurationList = 81D6E0972BDA0DB2005ABB02 /* Build configuration list for PBXNativeTarget "SelfIntroductionUITests" */;
			buildPhases = (
				81D6E0832BDA0DB2005ABB02 /* Sources */,
				81D6E0842BDA0DB2005ABB02 /* Frameworks */,
				81D6E0852BDA0DB2005ABB02 /* Resources */,
			);
			buildRules = (
			);
			dependencies = (
				81D6E0892BDA0DB2005ABB02 /* PBXTargetDependency */,
			);
			name = SelfIntroductionUITests;
			productName = SelfIntroductionUITests;
			productReference = 81D6E0872BDA0DB2005ABB02 /* SelfIntroductionUITests.xctest */;
			productType = "com.apple.product-type.bundle.ui-testing";
		};
/* End PBXNativeTarget section */

/* Begin PBXProject section */
		81D6E05F2BDA0DB0005ABB02 /* Project object */ = {
			isa = PBXProject;
			attributes = {
				BuildIndependentTargetsInParallel = 1;
				LastSwiftUpdateCheck = 1530;
				LastUpgradeCheck = 1530;
				TargetAttributes = {
					81D6E0662BDA0DB0005ABB02 = {
						CreatedOnToolsVersion = 15.3;
					};
					81D6E07C2BDA0DB2005ABB02 = {
						CreatedOnToolsVersion = 15.3;
						TestTargetID = 81D6E0662BDA0DB0005ABB02;
					};
					81D6E0862BDA0DB2005ABB02 = {
						CreatedOnToolsVersion = 15.3;
						TestTargetID = 81D6E0662BDA0DB0005ABB02;
					};
				};
			};
			buildConfigurationList = 81D6E0622BDA0DB0005ABB02 /* Build configuration list for PBXProject "SelfIntroduction" */;
			compatibilityVersion = "Xcode 14.0";
			developmentRegion = en;
			hasScannedForEncodings = 0;
			knownRegions = (
				en,
				Base,
			);
			mainGroup = 81D6E05E2BDA0DB0005ABB02;
			productRefGroup = 81D6E0682BDA0DB0005ABB02 /* Products */;
			projectDirPath = "";
			projectRoot = "";
			targets = (
				81D6E0662BDA0DB0005ABB02 /* SelfIntroduction */,
				81D6E07C2BDA0DB2005ABB02 /* SelfIntroductionTests */,
				81D6E0862BDA0DB2005ABB02 /* SelfIntroductionUITests */,
			);
		};
/* End PBXProject section */

/* Begin PBXResourcesBuildPhase section */
		81D6E0652BDA0DB0005ABB02 /* Resources */ = {
			isa = PBXResourcesBuildPhase;
			buildActionMask = 2147483647;
			files = (
				81D6E0742BDA0DB2005ABB02 /* Assets.xcassets in Resources */,
				81D6E0772BDA0DB2005ABB02 /* Base in Resources */,
				81D6E0722BDA0DB0005ABB02 /* Base in Resources */,
			);
			runOnlyForDeploymentPostprocessing = 0;
		};
		81D6E07B2BDA0DB2005ABB02 /* Resources */ = {
			isa = PBXResourcesBuildPhase;
			buildActionMask = 2147483647;
			files = (
			);
			runOnlyForDeploymentPostprocessing = 0;
		};
		81D6E0852BDA0DB2005ABB02 /* Resources */ = {
			isa = PBXResourcesBuildPhase;
			buildActionMask = 2147483647;
			files = (
			);
			runOnlyForDeploymentPostprocessing = 0;
		};
/* End PBXResourcesBuildPhase section */

/* Begin PBXSourcesBuildPhase section */
		81D6E0632BDA0DB0005ABB02 /* Sources */ = {
			isa = PBXSourcesBuildPhase;
			buildActionMask = 2147483647;
			files = (
				81D6E06F2BDA0DB0005ABB02 /* ViewController.swift in Sources */,
				81D6E09B2BDA33AD005ABB02 /* CounterViewController.swift in Sources */,
				81D6E06B2BDA0DB0005ABB02 /* AppDelegate.swift in Sources */,
				81AC049F2BDE066100144C2D /* ToDoListViewController.swift in Sources */,
				81236A6D2BDF9048009A0F7F /* WeatherView.swift in Sources */,
				81D6E06D2BDA0DB0005ABB02 /* SceneDelegate.swift in Sources */,
			);
			runOnlyForDeploymentPostprocessing = 0;
		};
		81D6E0792BDA0DB2005ABB02 /* Sources */ = {
			isa = PBXSourcesBuildPhase;
			buildActionMask = 2147483647;
			files = (
				81D6E0822BDA0DB2005ABB02 /* SelfIntroductionTests.swift in Sources */,
			);
			runOnlyForDeploymentPostprocessing = 0;
		};
		81D6E0832BDA0DB2005ABB02 /* Sources */ = {
			isa = PBXSourcesBuildPhase;
			buildActionMask = 2147483647;
			files = (
				81D6E08E2BDA0DB2005ABB02 /* SelfIntroductionUITestsLaunchTests.swift in Sources */,
				81D6E08C2BDA0DB2005ABB02 /* SelfIntroductionUITests.swift in Sources */,
			);
			runOnlyForDeploymentPostprocessing = 0;
		};
/* End PBXSourcesBuildPhase section */

/* Begin PBXTargetDependency section */
		81D6E07F2BDA0DB2005ABB02 /* PBXTargetDependency */ = {
			isa = PBXTargetDependency;
			target = 81D6E0662BDA0DB0005ABB02 /* SelfIntroduction */;
			targetProxy = 81D6E07E2BDA0DB2005ABB02 /* PBXContainerItemProxy */;
		};
		81D6E0892BDA0DB2005ABB02 /* PBXTargetDependency */ = {
			isa = PBXTargetDependency;
			target = 81D6E0662BDA0DB0005ABB02 /* SelfIntroduction */;
			targetProxy = 81D6E0882BDA0DB2005ABB02 /* PBXContainerItemProxy */;
		};
/* End PBXTargetDependency section */

/* Begin PBXVariantGroup section */
		81D6E0702BDA0DB0005ABB02 /* Main.storyboard */ = {
			isa = PBXVariantGroup;
			children = (
				81D6E0712BDA0DB0005ABB02 /* Base */,
			);
			name = Main.storyboard;
			sourceTree = "<group>";
		};
		81D6E0752BDA0DB2005ABB02 /* LaunchScreen.storyboard */ = {
			isa = PBXVariantGroup;
			children = (
				81D6E0762BDA0DB2005ABB02 /* Base */,
			);
			name = LaunchScreen.storyboard;
			sourceTree = "<group>";
		};
/* End PBXVariantGroup section */

/* Begin XCBuildConfiguration section */
		81D6E08F2BDA0DB2005ABB02 /* Debug */ = {
			isa = XCBuildConfiguration;
			buildSettings = {
				ALWAYS_SEARCH_USER_PATHS = NO;
				ASSETCATALOG_COMPILER_GENERATE_SWIFT_ASSET_SYMBOL_EXTENSIONS = YES;
				CLANG_ANALYZER_NONNULL = YES;
				CLANG_ANALYZER_NUMBER_OBJECT_CONVERSION = YES_AGGRESSIVE;
				CLANG_CXX_LANGUAGE_STANDARD = "gnu++20";
				CLANG_ENABLE_MODULES = YES;
				CLANG_ENABLE_OBJC_ARC = YES;
				CLANG_ENABLE_OBJC_WEAK = YES;
				CLANG_WARN_BLOCK_CAPTURE_AUTORELEASING = YES;
				CLANG_WARN_BOOL_CONVERSION = YES;
				CLANG_WARN_COMMA = YES;
				CLANG_WARN_CONSTANT_CONVERSION = YES;
				CLANG_WARN_DEPRECATED_OBJC_IMPLEMENTATIONS = YES;
				CLANG_WARN_DIRECT_OBJC_ISA_USAGE = YES_ERROR;
				CLANG_WARN_DOCUMENTATION_COMMENTS = YES;
				CLANG_WARN_EMPTY_BODY = YES;
				CLANG_WARN_ENUM_CONVERSION = YES;
				CLANG_WARN_INFINITE_RECURSION = YES;
				CLANG_WARN_INT_CONVERSION = YES;
				CLANG_WARN_NON_LITERAL_NULL_CONVERSION = YES;
				CLANG_WARN_OBJC_IMPLICIT_RETAIN_SELF = YES;
				CLANG_WARN_OBJC_LITERAL_CONVERSION = YES;
				CLANG_WARN_OBJC_ROOT_CLASS = YES_ERROR;
				CLANG_WARN_QUOTED_INCLUDE_IN_FRAMEWORK_HEADER = YES;
				CLANG_WARN_RANGE_LOOP_ANALYSIS = YES;
				CLANG_WARN_STRICT_PROTOTYPES = YES;
				CLANG_WARN_SUSPICIOUS_MOVE = YES;
				CLANG_WARN_UNGUARDED_AVAILABILITY = YES_AGGRESSIVE;
				CLANG_WARN_UNREACHABLE_CODE = YES;
				CLANG_WARN__DUPLICATE_METHOD_MATCH = YES;
				COPY_PHASE_STRIP = NO;
				DEBUG_INFORMATION_FORMAT = dwarf;
				ENABLE_STRICT_OBJC_MSGSEND = YES;
				ENABLE_TESTABILITY = YES;
				ENABLE_USER_SCRIPT_SANDBOXING = YES;
				GCC_C_LANGUAGE_STANDARD = gnu17;
				GCC_DYNAMIC_NO_PIC = NO;
				GCC_NO_COMMON_BLOCKS = YES;
				GCC_OPTIMIZATION_LEVEL = 0;
				GCC_PREPROCESSOR_DEFINITIONS = (
					"DEBUG=1",
					"$(inherited)",
				);
				GCC_WARN_64_TO_32_BIT_CONVERSION = YES;
				GCC_WARN_ABOUT_RETURN_TYPE = YES_ERROR;
				GCC_WARN_UNDECLARED_SELECTOR = YES;
				GCC_WARN_UNINITIALIZED_AUTOS = YES_AGGRESSIVE;
				GCC_WARN_UNUSED_FUNCTION = YES;
				GCC_WARN_UNUSED_VARIABLE = YES;
				IPHONEOS_DEPLOYMENT_TARGET = 17.4;
				LOCALIZATION_PREFERS_STRING_CATALOGS = YES;
				MTL_ENABLE_DEBUG_INFO = INCLUDE_SOURCE;
				MTL_FAST_MATH = YES;
				ONLY_ACTIVE_ARCH = YES;
				SDKROOT = iphoneos;
				SWIFT_ACTIVE_COMPILATION_CONDITIONS = "DEBUG $(inherited)";
				SWIFT_OPTIMIZATION_LEVEL = "-Onone";
			};
			name = Debug;
		};
		81D6E0902BDA0DB2005ABB02 /* Release */ = {
			isa = XCBuildConfiguration;
			buildSettings = {
				ALWAYS_SEARCH_USER_PATHS = NO;
				ASSETCATALOG_COMPILER_GENERATE_SWIFT_ASSET_SYMBOL_EXTENSIONS = YES;
				CLANG_ANALYZER_NONNULL = YES;
				CLANG_ANALYZER_NUMBER_OBJECT_CONVERSION = YES_AGGRESSIVE;
				CLANG_CXX_LANGUAGE_STANDARD = "gnu++20";
				CLANG_ENABLE_MODULES = YES;
				CLANG_ENABLE_OBJC_ARC = YES;
				CLANG_ENABLE_OBJC_WEAK = YES;
				CLANG_WARN_BLOCK_CAPTURE_AUTORELEASING = YES;
				CLANG_WARN_BOOL_CONVERSION = YES;
				CLANG_WARN_COMMA = YES;
				CLANG_WARN_CONSTANT_CONVERSION = YES;
				CLANG_WARN_DEPRECATED_OBJC_IMPLEMENTATIONS = YES;
				CLANG_WARN_DIRECT_OBJC_ISA_USAGE = YES_ERROR;
				CLANG_WARN_DOCUMENTATION_COMMENTS = YES;
				CLANG_WARN_EMPTY_BODY = YES;
				CLANG_WARN_ENUM_CONVERSION = YES;
				CLANG_WARN_INFINITE_RECURSION = YES;
				CLANG_WARN_INT_CONVERSION = YES;
				CLANG_WARN_NON_LITERAL_NULL_CONVERSION = YES;
				CLANG_WARN_OBJC_IMPLICIT_RETAIN_SELF = YES;
				CLANG_WARN_OBJC_LITERAL_CONVERSION = YES;
				CLANG_WARN_OBJC_ROOT_CLASS = YES_ERROR;
				CLANG_WARN_QUOTED_INCLUDE_IN_FRAMEWORK_HEADER = YES;
				CLANG_WARN_RANGE_LOOP_ANALYSIS = YES;
				CLANG_WARN_STRICT_PROTOTYPES = YES;
				CLANG_WARN_SUSPICIOUS_MOVE = YES;
				CLANG_WARN_UNGUARDED_AVAILABILITY = YES_AGGRESSIVE;
				CLANG_WARN_UNREACHABLE_CODE = YES;
				CLANG_WARN__DUPLICATE_METHOD_MATCH = YES;
				COPY_PHASE_STRIP = NO;
				DEBUG_INFORMATION_FORMAT = "dwarf-with-dsym";
				ENABLE_NS_ASSERTIONS = NO;
				ENABLE_STRICT_OBJC_MSGSEND = YES;
				ENABLE_USER_SCRIPT_SANDBOXING = YES;
				GCC_C_LANGUAGE_STANDARD = gnu17;
				GCC_NO_COMMON_BLOCKS = YES;
				GCC_WARN_64_TO_32_BIT_CONVERSION = YES;
				GCC_WARN_ABOUT_RETURN_TYPE = YES_ERROR;
				GCC_WARN_UNDECLARED_SELECTOR = YES;
				GCC_WARN_UNINITIALIZED_AUTOS = YES_AGGRESSIVE;
				GCC_WARN_UNUSED_FUNCTION = YES;
				GCC_WARN_UNUSED_VARIABLE = YES;
				IPHONEOS_DEPLOYMENT_TARGET = 17.4;
				LOCALIZATION_PREFERS_STRING_CATALOGS = YES;
				MTL_ENABLE_DEBUG_INFO = NO;
				MTL_FAST_MATH = YES;
				SDKROOT = iphoneos;
				SWIFT_COMPILATION_MODE = wholemodule;
				VALIDATE_PRODUCT = YES;
			};
			name = Release;
		};
		81D6E0922BDA0DB2005ABB02 /* Debug */ = {
			isa = XCBuildConfiguration;
			buildSettings = {
				ASSETCATALOG_COMPILER_APPICON_NAME = AppIcon;
				ASSETCATALOG_COMPILER_GLOBAL_ACCENT_COLOR_NAME = AccentColor;
				CODE_SIGN_ENTITLEMENTS = SelfIntroduction/SelfIntroduction.entitlements;
				CODE_SIGN_STYLE = Automatic;
				CURRENT_PROJECT_VERSION = 1;
				DEVELOPMENT_TEAM = QU5MY7WAK3;
				GENERATE_INFOPLIST_FILE = YES;
				INFOPLIST_FILE = SelfIntroduction/Info.plist;
				INFOPLIST_KEY_UIApplicationSupportsIndirectInputEvents = YES;
				INFOPLIST_KEY_UILaunchStoryboardName = LaunchScreen;
				INFOPLIST_KEY_UIMainStoryboardFile = Main;
				INFOPLIST_KEY_UISupportedInterfaceOrientations_iPad = "UIInterfaceOrientationPortrait UIInterfaceOrientationPortraitUpsideDown UIInterfaceOrientationLandscapeLeft UIInterfaceOrientationLandscapeRight";
				INFOPLIST_KEY_UISupportedInterfaceOrientations_iPhone = "UIInterfaceOrientationPortrait UIInterfaceOrientationLandscapeLeft UIInterfaceOrientationLandscapeRight";
				IPHONEOS_DEPLOYMENT_TARGET = 17.0;
				LD_RUNPATH_SEARCH_PATHS = (
					"$(inherited)",
					"@executable_path/Frameworks",
				);
				MARKETING_VERSION = 1.0;
				PRODUCT_BUNDLE_IDENTIFIER = "jp.ac.kyusan-u.SelfIntroduction";
				PRODUCT_NAME = "$(TARGET_NAME)";
				SWIFT_EMIT_LOC_STRINGS = YES;
				SWIFT_VERSION = 5.0;
				TARGETED_DEVICE_FAMILY = "1,2";
			};
			name = Debug;
		};
		81D6E0932BDA0DB2005ABB02 /* Release */ = {
			isa = XCBuildConfiguration;
			buildSettings = {
				ASSETCATALOG_COMPILER_APPICON_NAME = AppIcon;
				ASSETCATALOG_COMPILER_GLOBAL_ACCENT_COLOR_NAME = AccentColor;
				CODE_SIGN_ENTITLEMENTS = SelfIntroduction/SelfIntroduction.entitlements;
				CODE_SIGN_STYLE = Automatic;
				CURRENT_PROJECT_VERSION = 1;
				DEVELOPMENT_TEAM = QU5MY7WAK3;
				GENERATE_INFOPLIST_FILE = YES;
				INFOPLIST_FILE = SelfIntroduction/Info.plist;
				INFOPLIST_KEY_UIApplicationSupportsIndirectInputEvents = YES;
				INFOPLIST_KEY_UILaunchStoryboardName = LaunchScreen;
				INFOPLIST_KEY_UIMainStoryboardFile = Main;
				INFOPLIST_KEY_UISupportedInterfaceOrientations_iPad = "UIInterfaceOrientationPortrait UIInterfaceOrientationPortraitUpsideDown UIInterfaceOrientationLandscapeLeft UIInterfaceOrientationLandscapeRight";
				INFOPLIST_KEY_UISupportedInterfaceOrientations_iPhone = "UIInterfaceOrientationPortrait UIInterfaceOrientationLandscapeLeft UIInterfaceOrientationLandscapeRight";
				IPHONEOS_DEPLOYMENT_TARGET = 17.0;
				LD_RUNPATH_SEARCH_PATHS = (
					"$(inherited)",
					"@executable_path/Frameworks",
				);
				MARKETING_VERSION = 1.0;
				PRODUCT_BUNDLE_IDENTIFIER = "jp.ac.kyusan-u.SelfIntroduction";
				PRODUCT_NAME = "$(TARGET_NAME)";
				SWIFT_EMIT_LOC_STRINGS = YES;
				SWIFT_VERSION = 5.0;
				TARGETED_DEVICE_FAMILY = "1,2";
			};
			name = Release;
		};
		81D6E0952BDA0DB2005ABB02 /* Debug */ = {
			isa = XCBuildConfiguration;
			buildSettings = {
				ALWAYS_EMBED_SWIFT_STANDARD_LIBRARIES = YES;
				BUNDLE_LOADER = "$(TEST_HOST)";
				CODE_SIGN_STYLE = Automatic;
				CURRENT_PROJECT_VERSION = 1;
				DEVELOPMENT_TEAM = 46D955H5S6;
				GENERATE_INFOPLIST_FILE = YES;
				IPHONEOS_DEPLOYMENT_TARGET = 17.4;
				MARKETING_VERSION = 1.0;
				PRODUCT_BUNDLE_IDENTIFIER = "jp.ac.kyusan-u.SelfIntroductionTests";
				PRODUCT_NAME = "$(TARGET_NAME)";
				SWIFT_EMIT_LOC_STRINGS = NO;
				SWIFT_VERSION = 5.0;
				TARGETED_DEVICE_FAMILY = "1,2";
				TEST_HOST = "$(BUILT_PRODUCTS_DIR)/SelfIntroduction.app/$(BUNDLE_EXECUTABLE_FOLDER_PATH)/SelfIntroduction";
			};
			name = Debug;
		};
		81D6E0962BDA0DB2005ABB02 /* Release */ = {
			isa = XCBuildConfiguration;
			buildSettings = {
				ALWAYS_EMBED_SWIFT_STANDARD_LIBRARIES = YES;
				BUNDLE_LOADER = "$(TEST_HOST)";
				CODE_SIGN_STYLE = Automatic;
				CURRENT_PROJECT_VERSION = 1;
				DEVELOPMENT_TEAM = 46D955H5S6;
				GENERATE_INFOPLIST_FILE = YES;
				IPHONEOS_DEPLOYMENT_TARGET = 17.4;
				MARKETING_VERSION = 1.0;
				PRODUCT_BUNDLE_IDENTIFIER = "jp.ac.kyusan-u.SelfIntroductionTests";
				PRODUCT_NAME = "$(TARGET_NAME)";
				SWIFT_EMIT_LOC_STRINGS = NO;
				SWIFT_VERSION = 5.0;
				TARGETED_DEVICE_FAMILY = "1,2";
				TEST_HOST = "$(BUILT_PRODUCTS_DIR)/SelfIntroduction.app/$(BUNDLE_EXECUTABLE_FOLDER_PATH)/SelfIntroduction";
			};
			name = Release;
		};
		81D6E0982BDA0DB2005ABB02 /* Debug */ = {
			isa = XCBuildConfiguration;
			buildSettings = {
				ALWAYS_EMBED_SWIFT_STANDARD_LIBRARIES = YES;
				CODE_SIGN_STYLE = Automatic;
				CURRENT_PROJECT_VERSION = 1;
				DEVELOPMENT_TEAM = 46D955H5S6;
				GENERATE_INFOPLIST_FILE = YES;
				MARKETING_VERSION = 1.0;
				PRODUCT_BUNDLE_IDENTIFIER = "jp.ac.kyusan-u.SelfIntroductionUITests";
				PRODUCT_NAME = "$(TARGET_NAME)";
				SWIFT_EMIT_LOC_STRINGS = NO;
				SWIFT_VERSION = 5.0;
				TARGETED_DEVICE_FAMILY = "1,2";
				TEST_TARGET_NAME = SelfIntroduction;
			};
			name = Debug;
		};
		81D6E0992BDA0DB2005ABB02 /* Release */ = {
			isa = XCBuildConfiguration;
			buildSettings = {
				ALWAYS_EMBED_SWIFT_STANDARD_LIBRARIES = YES;
				CODE_SIGN_STYLE = Automatic;
				CURRENT_PROJECT_VERSION = 1;
				DEVELOPMENT_TEAM = 46D955H5S6;
				GENERATE_INFOPLIST_FILE = YES;
				MARKETING_VERSION = 1.0;
				PRODUCT_BUNDLE_IDENTIFIER = "jp.ac.kyusan-u.SelfIntroductionUITests";
				PRODUCT_NAME = "$(TARGET_NAME)";
				SWIFT_EMIT_LOC_STRINGS = NO;
				SWIFT_VERSION = 5.0;
				TARGETED_DEVICE_FAMILY = "1,2";
				TEST_TARGET_NAME = SelfIntroduction;
			};
			name = Release;
		};
/* End XCBuildConfiguration section */

/* Begin XCConfigurationList section */
		81D6E0622BDA0DB0005ABB02 /* Build configuration list for PBXProject "SelfIntroduction" */ = {
			isa = XCConfigurationList;
			buildConfigurations = (
				81D6E08F2BDA0DB2005ABB02 /* Debug */,
				81D6E0902BDA0DB2005ABB02 /* Release */,
			);
			defaultConfigurationIsVisible = 0;
			defaultConfigurationName = Release;
		};
		81D6E0912BDA0DB2005ABB02 /* Build configuration list for PBXNativeTarget "SelfIntroduction" */ = {
			isa = XCConfigurationList;
			buildConfigurations = (
				81D6E0922BDA0DB2005ABB02 /* Debug */,
				81D6E0932BDA0DB2005ABB02 /* Release */,
			);
			defaultConfigurationIsVisible = 0;
			defaultConfigurationName = Release;
		};
		81D6E0942BDA0DB2005ABB02 /* Build configuration list for PBXNativeTarget "SelfIntroductionTests" */ = {
			isa = XCConfigurationList;
			buildConfigurations = (
				81D6E0952BDA0DB2005ABB02 /* Debug */,
				81D6E0962BDA0DB2005ABB02 /* Release */,
			);
			defaultConfigurationIsVisible = 0;
			defaultConfigurationName = Release;
		};
		81D6E0972BDA0DB2005ABB02 /* Build configuration list for PBXNativeTarget "SelfIntroductionUITests" */ = {
			isa = XCConfigurationList;
			buildConfigurations = (
				81D6E0982BDA0DB2005ABB02 /* Debug */,
				81D6E0992BDA0DB2005ABB02 /* Release */,
			);
			defaultConfigurationIsVisible = 0;
			defaultConfigurationName = Release;
		};
/* End XCConfigurationList section */
	};
	rootObject = 81D6E05F2BDA0DB0005ABB02 /* Project object */;
}
